
Microsoft Visual Studio Solution File, Format Version 12.00
# Visual Studio Version 17
VisualStudioVersion = 17.3.32922.545
MinimumVisualStudioVersion = 10.0.40219.1
Project("{FAE04EC0-301F-11D3-BF4B-00C04F79EFBC}") = "3.3.1", "3.3.1\3.3.1.csproj", "{E7D69B73-66B8-4A48-937D-2472E303CB51}"
EndProject
Global
	GlobalSection(SolutionConfigurationPlatforms) = preSolution
		Debug|Any CPU = Debug|Any CPU
		Release|Any CPU = Release|Any CPU
	EndGlobalSection
	GlobalSection(ProjectConfigurationPlatforms) = postSolution
		{E7D69B73-66B8-4A48-937D-2472E303CB51}.Debug|Any CPU.ActiveCfg = Debug|Any CPU
		{E7D69B73-66B8-4A48-937D-2472E303CB51}.Debug|Any CPU.Build.0 = Debug|Any CPU
		{E7D69B73-66B8-4A48-937D-2472E303CB51}.Release|Any CPU.ActiveCfg = Release|Any CPU
		{E7D69B73-66B8-4A48-937D-2472E303CB51}.Release|Any CPU.Build.0 = Release|Any CPU
	EndGlobalSection
	GlobalSection(SolutionProperties) = preSolution
		HideSolutionNode = FALSE
	EndGlobalSection
	GlobalSection(ExtensibilityGlobals) = postSolution
		SolutionGuid = {AC9C1598-85B3-4E66-BB34-8138DEC6E2C8}
	EndGlobalSection
EndGlobal
